
Microsoft Visual Studio Solution File, Format Version 12.00
# Visual Studio 2012
Project("{D954291E-2A0B-460D-934E-DC6B0785DB48}") = "tabbedReference", "tabbedReference\tabbedReference.shproj", "{C0A2B464-97D0-4D3B-AA7D-88CB3F447C41}"
EndProject
Project("{FAE04EC0-301F-11D3-BF4B-00C04F79EFBC}") = "tabbedReference.iOS", "iOS\tabbedReference.iOS.csproj", "{FE7692D0-1C3A-4AED-B608-070E0DB6A886}"
EndProject
Project("{FAE04EC0-301F-11D3-BF4B-00C04F79EFBC}") = "tabbedReference.Droid", "Droid\tabbedReference.Droid.csproj", "{E7AC2360-B0FF-41F5-BE4F-FA6A51A63D93}"
EndProject
Project("{D954291E-2A0B-460D-934E-DC6B0785DB48}") = "Xamarin.Forms.CommonCore", "..\..\CommonCore\Xamarin.Forms.CommonCore\Xamarin.Forms.CommonCore.shproj", "{9FBF1BE8-6CC0-4DC2-BC5B-AB11181D64E3}"
EndProject
Project("{D954291E-2A0B-460D-934E-DC6B0785DB48}") = "Xamarin.Forms.CommonCore.Sqlite", "..\..\CommonCore\CommonCore Extensions\Xamarin.Forms.CommonCore.Sqlite\Xamarin.Forms.CommonCore.Sqlite.shproj", "{7094EB67-2CF8-4F78-ACA6-84DB242E0936}"
EndProject
Global
	GlobalSection(SolutionConfigurationPlatforms) = preSolution
		Debug|iPhoneSimulator = Debug|iPhoneSimulator
		Release|iPhone = Release|iPhone
		Release|iPhoneSimulator = Release|iPhoneSimulator
		Debug|iPhone = Debug|iPhone
		Debug|Any CPU = Debug|Any CPU
		Release|Any CPU = Release|Any CPU
	EndGlobalSection
	GlobalSection(ProjectConfigurationPlatforms) = postSolution
		{FE7692D0-1C3A-4AED-B608-070E0DB6A886}.Debug|iPhoneSimulator.ActiveCfg = Debug|iPhoneSimulator
		{FE7692D0-1C3A-4AED-B608-070E0DB6A886}.Debug|iPhoneSimulator.Build.0 = Debug|iPhoneSimulator
		{FE7692D0-1C3A-4AED-B608-070E0DB6A886}.Release|iPhone.ActiveCfg = Release|iPhone
		{FE7692D0-1C3A-4AED-B608-070E0DB6A886}.Release|iPhone.Build.0 = Release|iPhone
		{FE7692D0-1C3A-4AED-B608-070E0DB6A886}.Release|iPhoneSimulator.ActiveCfg = Release|iPhoneSimulator
		{FE7692D0-1C3A-4AED-B608-070E0DB6A886}.Release|iPhoneSimulator.Build.0 = Release|iPhoneSimulator
		{FE7692D0-1C3A-4AED-B608-070E0DB6A886}.Debug|iPhone.ActiveCfg = Debug|iPhone
		{FE7692D0-1C3A-4AED-B608-070E0DB6A886}.Debug|iPhone.Build.0 = Debug|iPhone
		{FE7692D0-1C3A-4AED-B608-070E0DB6A886}.Debug|Any CPU.ActiveCfg = Debug|iPhoneSimulator
		{FE7692D0-1C3A-4AED-B608-070E0DB6A886}.Debug|Any CPU.Build.0 = Debug|iPhoneSimulator
		{FE7692D0-1C3A-4AED-B608-070E0DB6A886}.Release|Any CPU.ActiveCfg = Release|iPhone
		{FE7692D0-1C3A-4AED-B608-070E0DB6A886}.Release|Any CPU.Build.0 = Release|iPhone
		{E7AC2360-B0FF-41F5-BE4F-FA6A51A63D93}.Debug|iPhoneSimulator.ActiveCfg = Debug|Any CPU
		{E7AC2360-B0FF-41F5-BE4F-FA6A51A63D93}.Debug|iPhoneSimulator.Build.0 = Debug|Any CPU
		{E7AC2360-B0FF-41F5-BE4F-FA6A51A63D93}.Release|iPhone.ActiveCfg = Release|Any CPU
		{E7AC2360-B0FF-41F5-BE4F-FA6A51A63D93}.Release|iPhone.Build.0 = Release|Any CPU
		{E7AC2360-B0FF-41F5-BE4F-FA6A51A63D93}.Release|iPhoneSimulator.ActiveCfg = Release|Any CPU
		{E7AC2360-B0FF-41F5-BE4F-FA6A51A63D93}.Release|iPhoneSimulator.Build.0 = Release|Any CPU
		{E7AC2360-B0FF-41F5-BE4F-FA6A51A63D93}.Debug|iPhone.ActiveCfg = Debug|Any CPU
		{E7AC2360-B0FF-41F5-BE4F-FA6A51A63D93}.Debug|iPhone.Build.0 = Debug|Any CPU
		{E7AC2360-B0FF-41F5-BE4F-FA6A51A63D93}.Debug|Any CPU.ActiveCfg = Debug|Any CPU
		{E7AC2360-B0FF-41F5-BE4F-FA6A51A63D93}.Debug|Any CPU.Build.0 = Debug|Any CPU
		{E7AC2360-B0FF-41F5-BE4F-FA6A51A63D93}.Release|Any CPU.ActiveCfg = Release|Any CPU
		{E7AC2360-B0FF-41F5-BE4F-FA6A51A63D93}.Release|Any CPU.Build.0 = Release|Any CPU
	EndGlobalSection
EndGlobal
