
Microsoft Visual Studio Solution File, Format Version 12.00
# Visual Studio 2012
Project("{D954291E-2A0B-460D-934E-DC6B0785DB48}") = "providersearch", "providersearch\providersearch.shproj", "{03B3B67F-DA0F-4C5B-B548-190282CA16F0}"
EndProject
Project("{FAE04EC0-301F-11D3-BF4B-00C04F79EFBC}") = "providersearch.iOS", "iOS\providersearch.iOS.csproj", "{B6E392A5-D8A5-4105-B66E-A4FD78674D4C}"
EndProject
Project("{FAE04EC0-301F-11D3-BF4B-00C04F79EFBC}") = "providersearch.Droid", "Droid\providersearch.Droid.csproj", "{5151AE98-A0AA-40FC-9C25-3E1755ADD69F}"
EndProject
Project("{FAE04EC0-301F-11D3-BF4B-00C04F79EFBC}") = "providersearch.UITests", "UITests\providersearch.UITests.csproj", "{C681416B-1546-4928-A7AB-C5DDB5D73965}"
EndProject
Project("{D954291E-2A0B-460D-934E-DC6B0785DB48}") = "Xamarin.Forms.CommonCore", "..\..\CommonCore\Xamarin.Forms.CommonCore\Xamarin.Forms.CommonCore.shproj", "{9FBF1BE8-6CC0-4DC2-BC5B-AB11181D64E3}"
EndProject
Global
	GlobalSection(SolutionConfigurationPlatforms) = preSolution
		Debug|iPhoneSimulator = Debug|iPhoneSimulator
		Release|iPhone = Release|iPhone
		Release|iPhoneSimulator = Release|iPhoneSimulator
		Debug|iPhone = Debug|iPhone
		Debug|Any CPU = Debug|Any CPU
		Release|Any CPU = Release|Any CPU
	EndGlobalSection
	GlobalSection(ProjectConfigurationPlatforms) = postSolution
		{B6E392A5-D8A5-4105-B66E-A4FD78674D4C}.Debug|iPhoneSimulator.ActiveCfg = Debug|iPhoneSimulator
		{B6E392A5-D8A5-4105-B66E-A4FD78674D4C}.Debug|iPhoneSimulator.Build.0 = Debug|iPhoneSimulator
		{B6E392A5-D8A5-4105-B66E-A4FD78674D4C}.Release|iPhone.ActiveCfg = Release|iPhone
		{B6E392A5-D8A5-4105-B66E-A4FD78674D4C}.Release|iPhone.Build.0 = Release|iPhone
		{B6E392A5-D8A5-4105-B66E-A4FD78674D4C}.Release|iPhoneSimulator.ActiveCfg = Release|iPhoneSimulator
		{B6E392A5-D8A5-4105-B66E-A4FD78674D4C}.Release|iPhoneSimulator.Build.0 = Release|iPhoneSimulator
		{B6E392A5-D8A5-4105-B66E-A4FD78674D4C}.Debug|iPhone.ActiveCfg = Debug|iPhone
		{B6E392A5-D8A5-4105-B66E-A4FD78674D4C}.Debug|iPhone.Build.0 = Debug|iPhone
		{B6E392A5-D8A5-4105-B66E-A4FD78674D4C}.Debug|Any CPU.ActiveCfg = Debug|iPhoneSimulator
		{B6E392A5-D8A5-4105-B66E-A4FD78674D4C}.Debug|Any CPU.Build.0 = Debug|iPhoneSimulator
		{B6E392A5-D8A5-4105-B66E-A4FD78674D4C}.Release|Any CPU.ActiveCfg = Release|iPhone
		{B6E392A5-D8A5-4105-B66E-A4FD78674D4C}.Release|Any CPU.Build.0 = Release|iPhone
		{5151AE98-A0AA-40FC-9C25-3E1755ADD69F}.Debug|iPhoneSimulator.ActiveCfg = Debug|Any CPU
		{5151AE98-A0AA-40FC-9C25-3E1755ADD69F}.Debug|iPhoneSimulator.Build.0 = Debug|Any CPU
		{5151AE98-A0AA-40FC-9C25-3E1755ADD69F}.Release|iPhone.ActiveCfg = Release|Any CPU
		{5151AE98-A0AA-40FC-9C25-3E1755ADD69F}.Release|iPhone.Build.0 = Release|Any CPU
		{5151AE98-A0AA-40FC-9C25-3E1755ADD69F}.Release|iPhoneSimulator.ActiveCfg = Release|Any CPU
		{5151AE98-A0AA-40FC-9C25-3E1755ADD69F}.Release|iPhoneSimulator.Build.0 = Release|Any CPU
		{5151AE98-A0AA-40FC-9C25-3E1755ADD69F}.Debug|iPhone.ActiveCfg = Debug|Any CPU
		{5151AE98-A0AA-40FC-9C25-3E1755ADD69F}.Debug|iPhone.Build.0 = Debug|Any CPU
		{5151AE98-A0AA-40FC-9C25-3E1755ADD69F}.Debug|Any CPU.ActiveCfg = Debug|Any CPU
		{5151AE98-A0AA-40FC-9C25-3E1755ADD69F}.Debug|Any CPU.Build.0 = Debug|Any CPU
		{5151AE98-A0AA-40FC-9C25-3E1755ADD69F}.Release|Any CPU.ActiveCfg = Release|Any CPU
		{5151AE98-A0AA-40FC-9C25-3E1755ADD69F}.Release|Any CPU.Build.0 = Release|Any CPU
		{C681416B-1546-4928-A7AB-C5DDB5D73965}.Debug|iPhoneSimulator.ActiveCfg = Debug|Any CPU
		{C681416B-1546-4928-A7AB-C5DDB5D73965}.Debug|iPhoneSimulator.Build.0 = Debug|Any CPU
		{C681416B-1546-4928-A7AB-C5DDB5D73965}.Release|iPhone.ActiveCfg = Release|Any CPU
		{C681416B-1546-4928-A7AB-C5DDB5D73965}.Release|iPhone.Build.0 = Release|Any CPU
		{C681416B-1546-4928-A7AB-C5DDB5D73965}.Release|iPhoneSimulator.ActiveCfg = Release|Any CPU
		{C681416B-1546-4928-A7AB-C5DDB5D73965}.Release|iPhoneSimulator.Build.0 = Release|Any CPU
		{C681416B-1546-4928-A7AB-C5DDB5D73965}.Debug|iPhone.ActiveCfg = Debug|Any CPU
		{C681416B-1546-4928-A7AB-C5DDB5D73965}.Debug|iPhone.Build.0 = Debug|Any CPU
		{C681416B-1546-4928-A7AB-C5DDB5D73965}.Debug|Any CPU.ActiveCfg = Debug|Any CPU
		{C681416B-1546-4928-A7AB-C5DDB5D73965}.Debug|Any CPU.Build.0 = Debug|Any CPU
		{C681416B-1546-4928-A7AB-C5DDB5D73965}.Release|Any CPU.ActiveCfg = Release|Any CPU
		{C681416B-1546-4928-A7AB-C5DDB5D73965}.Release|Any CPU.Build.0 = Release|Any CPU
	EndGlobalSection
EndGlobal
