
Microsoft Visual Studio Solution File, Format Version 12.00
# Visual Studio 2012
Project("{D954291E-2A0B-460D-934E-DC6B0785DB48}") = "couchdbDemo", "couchdbDemo\couchdbDemo.shproj", "{29AA21A0-FD70-4F08-A72E-0E7BF8A02F03}"
EndProject
Project("{FAE04EC0-301F-11D3-BF4B-00C04F79EFBC}") = "couchdbDemo.iOS", "iOS\couchdbDemo.iOS.csproj", "{A7AA47FB-80D8-4BA4-9C3B-770BE3B0DDEF}"
EndProject
Project("{FAE04EC0-301F-11D3-BF4B-00C04F79EFBC}") = "couchdbDemo.Droid", "Droid\couchdbDemo.Droid.csproj", "{B859A07F-AEF2-48D6-B100-35A2A9D53C22}"
EndProject
Project("{D954291E-2A0B-460D-934E-DC6B0785DB48}") = "Xamarin.Forms.CommonCore", "..\..\..\CommonCore\Xamarin.Forms.CommonCore\Xamarin.Forms.CommonCore.shproj", "{9FBF1BE8-6CC0-4DC2-BC5B-AB11181D64E3}"
EndProject
Global
	GlobalSection(SolutionConfigurationPlatforms) = preSolution
		Debug|iPhoneSimulator = Debug|iPhoneSimulator
		Release|iPhone = Release|iPhone
		Release|iPhoneSimulator = Release|iPhoneSimulator
		Debug|iPhone = Debug|iPhone
		Debug|Any CPU = Debug|Any CPU
		Release|Any CPU = Release|Any CPU
	EndGlobalSection
	GlobalSection(ProjectConfigurationPlatforms) = postSolution
		{A7AA47FB-80D8-4BA4-9C3B-770BE3B0DDEF}.Debug|iPhoneSimulator.ActiveCfg = Debug|iPhoneSimulator
		{A7AA47FB-80D8-4BA4-9C3B-770BE3B0DDEF}.Debug|iPhoneSimulator.Build.0 = Debug|iPhoneSimulator
		{A7AA47FB-80D8-4BA4-9C3B-770BE3B0DDEF}.Release|iPhone.ActiveCfg = Release|iPhone
		{A7AA47FB-80D8-4BA4-9C3B-770BE3B0DDEF}.Release|iPhone.Build.0 = Release|iPhone
		{A7AA47FB-80D8-4BA4-9C3B-770BE3B0DDEF}.Release|iPhoneSimulator.ActiveCfg = Release|iPhoneSimulator
		{A7AA47FB-80D8-4BA4-9C3B-770BE3B0DDEF}.Release|iPhoneSimulator.Build.0 = Release|iPhoneSimulator
		{A7AA47FB-80D8-4BA4-9C3B-770BE3B0DDEF}.Debug|iPhone.ActiveCfg = Debug|iPhone
		{A7AA47FB-80D8-4BA4-9C3B-770BE3B0DDEF}.Debug|iPhone.Build.0 = Debug|iPhone
		{A7AA47FB-80D8-4BA4-9C3B-770BE3B0DDEF}.Debug|Any CPU.ActiveCfg = Debug|iPhoneSimulator
		{A7AA47FB-80D8-4BA4-9C3B-770BE3B0DDEF}.Debug|Any CPU.Build.0 = Debug|iPhoneSimulator
		{A7AA47FB-80D8-4BA4-9C3B-770BE3B0DDEF}.Release|Any CPU.ActiveCfg = Release|iPhone
		{A7AA47FB-80D8-4BA4-9C3B-770BE3B0DDEF}.Release|Any CPU.Build.0 = Release|iPhone
		{B859A07F-AEF2-48D6-B100-35A2A9D53C22}.Debug|iPhoneSimulator.ActiveCfg = Debug|Any CPU
		{B859A07F-AEF2-48D6-B100-35A2A9D53C22}.Debug|iPhoneSimulator.Build.0 = Debug|Any CPU
		{B859A07F-AEF2-48D6-B100-35A2A9D53C22}.Release|iPhone.ActiveCfg = Release|Any CPU
		{B859A07F-AEF2-48D6-B100-35A2A9D53C22}.Release|iPhone.Build.0 = Release|Any CPU
		{B859A07F-AEF2-48D6-B100-35A2A9D53C22}.Release|iPhoneSimulator.ActiveCfg = Release|Any CPU
		{B859A07F-AEF2-48D6-B100-35A2A9D53C22}.Release|iPhoneSimulator.Build.0 = Release|Any CPU
		{B859A07F-AEF2-48D6-B100-35A2A9D53C22}.Debug|iPhone.ActiveCfg = Debug|Any CPU
		{B859A07F-AEF2-48D6-B100-35A2A9D53C22}.Debug|iPhone.Build.0 = Debug|Any CPU
		{B859A07F-AEF2-48D6-B100-35A2A9D53C22}.Debug|Any CPU.ActiveCfg = Debug|Any CPU
		{B859A07F-AEF2-48D6-B100-35A2A9D53C22}.Debug|Any CPU.Build.0 = Debug|Any CPU
		{B859A07F-AEF2-48D6-B100-35A2A9D53C22}.Release|Any CPU.ActiveCfg = Release|Any CPU
		{B859A07F-AEF2-48D6-B100-35A2A9D53C22}.Release|Any CPU.Build.0 = Release|Any CPU
	EndGlobalSection
EndGlobal
