
Microsoft Visual Studio Solution File, Format Version 12.00
# Visual Studio 2012
Project("{D954291E-2A0B-460D-934E-DC6B0785DB48}") = "charts.commoncore.demo", "charts.commoncore.demo\charts.commoncore.demo.shproj", "{E458D841-351B-4446-B80E-2150DAA66CB5}"
EndProject
Project("{FAE04EC0-301F-11D3-BF4B-00C04F79EFBC}") = "charts.commoncore.demo.iOS", "iOS\charts.commoncore.demo.iOS.csproj", "{1CDA03B2-E0A4-46C6-9DB9-9787FCA05E16}"
EndProject
Project("{FAE04EC0-301F-11D3-BF4B-00C04F79EFBC}") = "charts.commoncore.demo.Droid", "Droid\charts.commoncore.demo.Droid.csproj", "{2D75FC15-E4C0-4D0B-807F-D06DE8C0AB72}"
EndProject
Project("{D954291E-2A0B-460D-934E-DC6B0785DB48}") = "Xamarin.Forms.CommonCore", "..\..\CommonCore\Xamarin.Forms.CommonCore\Xamarin.Forms.CommonCore.shproj", "{9FBF1BE8-6CC0-4DC2-BC5B-AB11181D64E3}"
EndProject
Project("{D954291E-2A0B-460D-934E-DC6B0785DB48}") = "Xamarin.Forms.CommonCore.Logging", "..\..\CommonCore\CommonCore Extensions\Xamarin.Forms.CommonCore.Logging\Xamarin.Forms.CommonCore.Logging.shproj", "{2C560267-3C1F-417E-9D8E-E5EA5A816FD1}"
EndProject
Global
	GlobalSection(SolutionConfigurationPlatforms) = preSolution
		Debug|iPhoneSimulator = Debug|iPhoneSimulator
		Release|iPhone = Release|iPhone
		Release|iPhoneSimulator = Release|iPhoneSimulator
		Debug|iPhone = Debug|iPhone
		Debug|Any CPU = Debug|Any CPU
		Release|Any CPU = Release|Any CPU
	EndGlobalSection
	GlobalSection(ProjectConfigurationPlatforms) = postSolution
		{1CDA03B2-E0A4-46C6-9DB9-9787FCA05E16}.Debug|iPhoneSimulator.ActiveCfg = Debug|iPhoneSimulator
		{1CDA03B2-E0A4-46C6-9DB9-9787FCA05E16}.Debug|iPhoneSimulator.Build.0 = Debug|iPhoneSimulator
		{1CDA03B2-E0A4-46C6-9DB9-9787FCA05E16}.Release|iPhone.ActiveCfg = Release|iPhone
		{1CDA03B2-E0A4-46C6-9DB9-9787FCA05E16}.Release|iPhone.Build.0 = Release|iPhone
		{1CDA03B2-E0A4-46C6-9DB9-9787FCA05E16}.Release|iPhoneSimulator.ActiveCfg = Release|iPhoneSimulator
		{1CDA03B2-E0A4-46C6-9DB9-9787FCA05E16}.Release|iPhoneSimulator.Build.0 = Release|iPhoneSimulator
		{1CDA03B2-E0A4-46C6-9DB9-9787FCA05E16}.Debug|iPhone.ActiveCfg = Debug|iPhone
		{1CDA03B2-E0A4-46C6-9DB9-9787FCA05E16}.Debug|iPhone.Build.0 = Debug|iPhone
		{1CDA03B2-E0A4-46C6-9DB9-9787FCA05E16}.Debug|Any CPU.ActiveCfg = Debug|iPhoneSimulator
		{1CDA03B2-E0A4-46C6-9DB9-9787FCA05E16}.Debug|Any CPU.Build.0 = Debug|iPhoneSimulator
		{1CDA03B2-E0A4-46C6-9DB9-9787FCA05E16}.Release|Any CPU.ActiveCfg = Release|iPhone
		{1CDA03B2-E0A4-46C6-9DB9-9787FCA05E16}.Release|Any CPU.Build.0 = Release|iPhone
		{2D75FC15-E4C0-4D0B-807F-D06DE8C0AB72}.Debug|iPhoneSimulator.ActiveCfg = Debug|Any CPU
		{2D75FC15-E4C0-4D0B-807F-D06DE8C0AB72}.Debug|iPhoneSimulator.Build.0 = Debug|Any CPU
		{2D75FC15-E4C0-4D0B-807F-D06DE8C0AB72}.Release|iPhone.ActiveCfg = Release|Any CPU
		{2D75FC15-E4C0-4D0B-807F-D06DE8C0AB72}.Release|iPhone.Build.0 = Release|Any CPU
		{2D75FC15-E4C0-4D0B-807F-D06DE8C0AB72}.Release|iPhoneSimulator.ActiveCfg = Release|Any CPU
		{2D75FC15-E4C0-4D0B-807F-D06DE8C0AB72}.Release|iPhoneSimulator.Build.0 = Release|Any CPU
		{2D75FC15-E4C0-4D0B-807F-D06DE8C0AB72}.Debug|iPhone.ActiveCfg = Debug|Any CPU
		{2D75FC15-E4C0-4D0B-807F-D06DE8C0AB72}.Debug|iPhone.Build.0 = Debug|Any CPU
		{2D75FC15-E4C0-4D0B-807F-D06DE8C0AB72}.Debug|Any CPU.ActiveCfg = Debug|Any CPU
		{2D75FC15-E4C0-4D0B-807F-D06DE8C0AB72}.Debug|Any CPU.Build.0 = Debug|Any CPU
		{2D75FC15-E4C0-4D0B-807F-D06DE8C0AB72}.Release|Any CPU.ActiveCfg = Release|Any CPU
		{2D75FC15-E4C0-4D0B-807F-D06DE8C0AB72}.Release|Any CPU.Build.0 = Release|Any CPU
	EndGlobalSection
EndGlobal
