
Microsoft Visual Studio Solution File, Format Version 12.00
# Visual Studio 2012
Project("{2150E333-8FDC-42A3-9474-1A3956D46DE8}") = "adobexd", "adobexd", "{CF164BDC-31FB-447D-9227-A1A50E7B8857}"
	ProjectSection(SolutionItems) = preProject
		adobexd\todo.droid.xd = adobexd\todo.droid.xd
		adobexd\todo.ios.xd = adobexd\todo.ios.xd
	EndProjectSection
EndProject
Global
	GlobalSection(SolutionConfigurationPlatforms) = preSolution
	EndGlobalSection
	GlobalSection(ProjectConfigurationPlatforms) = postSolution
	EndGlobalSection
EndGlobal
