
Microsoft Visual Studio Solution File, Format Version 12.00
# Visual Studio 15
VisualStudioVersion = 15.0.26430.15
MinimumVisualStudioVersion = 10.0.40219.1
Project("{D954291E-2A0B-460D-934E-DC6B0785DB48}") = "SQLiteDemo", "SQLiteDemo\SQLiteDemo\SQLiteDemo.shproj", "{D6C4FDB9-FD88-4CD4-9690-9C8B96CCB894}"
EndProject
Project("{FAE04EC0-301F-11D3-BF4B-00C04F79EFBC}") = "SQLiteDemo.Android", "SQLiteDemo\SQLiteDemo.Android\SQLiteDemo.Android.csproj", "{9C8F8396-951B-40A0-9D54-FC6F697EA828}"
EndProject
Project("{FAE04EC0-301F-11D3-BF4B-00C04F79EFBC}") = "SQLiteDemo.iOS", "SQLiteDemo\SQLiteDemo.iOS\SQLiteDemo.iOS.csproj", "{F78BB283-9569-41FC-AA4E-245D603E59FC}"
EndProject
Project("{D954291E-2A0B-460D-934E-DC6B0785DB48}") = "Xamarin.Forms.CommonCore", "..\..\CommonCore\Xamarin.Forms.CommonCore\Xamarin.Forms.CommonCore.shproj", "{9FBF1BE8-6CC0-4DC2-BC5B-AB11181D64E3}"
EndProject
Global
	GlobalSection(SharedMSBuildProjectFiles) = preSolution
		SQLiteDemo\SQLiteDemo\SQLiteDemo.projitems*{9c8f8396-951b-40a0-9d54-fc6f697ea828}*SharedItemsImports = 4
		..\..\CommonCore\Xamarin.Forms.CommonCore\Xamarin.Forms.CommonCore.projitems*{9c8f8396-951b-40a0-9d54-fc6f697ea828}*SharedItemsImports = 4
		..\..\CommonCore\Xamarin.Forms.CommonCore\Xamarin.Forms.CommonCore.projitems*{9fbf1be8-6cc0-4dc2-bc5b-ab11181d64e3}*SharedItemsImports = 13
		SQLiteDemo\SQLiteDemo\SQLiteDemo.projitems*{d6c4fdb9-fd88-4cd4-9690-9c8b96ccb894}*SharedItemsImports = 13
		SQLiteDemo\SQLiteDemo\SQLiteDemo.projitems*{f78bb283-9569-41fc-aa4e-245d603e59fc}*SharedItemsImports = 4
		..\..\CommonCore\Xamarin.Forms.CommonCore\Xamarin.Forms.CommonCore.projitems*{f78bb283-9569-41fc-aa4e-245d603e59fc}*SharedItemsImports = 4
	EndGlobalSection
	GlobalSection(SolutionConfigurationPlatforms) = preSolution
		Ad-Hoc|Any CPU = Ad-Hoc|Any CPU
		Ad-Hoc|ARM = Ad-Hoc|ARM
		Ad-Hoc|iPhone = Ad-Hoc|iPhone
		Ad-Hoc|iPhoneSimulator = Ad-Hoc|iPhoneSimulator
		Ad-Hoc|x64 = Ad-Hoc|x64
		Ad-Hoc|x86 = Ad-Hoc|x86
		AppStore|Any CPU = AppStore|Any CPU
		AppStore|ARM = AppStore|ARM
		AppStore|iPhone = AppStore|iPhone
		AppStore|iPhoneSimulator = AppStore|iPhoneSimulator
		AppStore|x64 = AppStore|x64
		AppStore|x86 = AppStore|x86
		Debug|Any CPU = Debug|Any CPU
		Debug|ARM = Debug|ARM
		Debug|iPhone = Debug|iPhone
		Debug|iPhoneSimulator = Debug|iPhoneSimulator
		Debug|x64 = Debug|x64
		Debug|x86 = Debug|x86
		Release|Any CPU = Release|Any CPU
		Release|ARM = Release|ARM
		Release|iPhone = Release|iPhone
		Release|iPhoneSimulator = Release|iPhoneSimulator
		Release|x64 = Release|x64
		Release|x86 = Release|x86
	EndGlobalSection
	GlobalSection(ProjectConfigurationPlatforms) = postSolution
		{9C8F8396-951B-40A0-9D54-FC6F697EA828}.Ad-Hoc|Any CPU.ActiveCfg = Release|Any CPU
		{9C8F8396-951B-40A0-9D54-FC6F697EA828}.Ad-Hoc|Any CPU.Build.0 = Release|Any CPU
		{9C8F8396-951B-40A0-9D54-FC6F697EA828}.Ad-Hoc|Any CPU.Deploy.0 = Release|Any CPU
		{9C8F8396-951B-40A0-9D54-FC6F697EA828}.Ad-Hoc|ARM.ActiveCfg = Release|Any CPU
		{9C8F8396-951B-40A0-9D54-FC6F697EA828}.Ad-Hoc|ARM.Build.0 = Release|Any CPU
		{9C8F8396-951B-40A0-9D54-FC6F697EA828}.Ad-Hoc|ARM.Deploy.0 = Release|Any CPU
		{9C8F8396-951B-40A0-9D54-FC6F697EA828}.Ad-Hoc|iPhone.ActiveCfg = Release|Any CPU
		{9C8F8396-951B-40A0-9D54-FC6F697EA828}.Ad-Hoc|iPhone.Build.0 = Release|Any CPU
		{9C8F8396-951B-40A0-9D54-FC6F697EA828}.Ad-Hoc|iPhone.Deploy.0 = Release|Any CPU
		{9C8F8396-951B-40A0-9D54-FC6F697EA828}.Ad-Hoc|iPhoneSimulator.ActiveCfg = Release|Any CPU
		{9C8F8396-951B-40A0-9D54-FC6F697EA828}.Ad-Hoc|iPhoneSimulator.Build.0 = Release|Any CPU
		{9C8F8396-951B-40A0-9D54-FC6F697EA828}.Ad-Hoc|iPhoneSimulator.Deploy.0 = Release|Any CPU
		{9C8F8396-951B-40A0-9D54-FC6F697EA828}.Ad-Hoc|x64.ActiveCfg = Release|Any CPU
		{9C8F8396-951B-40A0-9D54-FC6F697EA828}.Ad-Hoc|x64.Build.0 = Release|Any CPU
		{9C8F8396-951B-40A0-9D54-FC6F697EA828}.Ad-Hoc|x64.Deploy.0 = Release|Any CPU
		{9C8F8396-951B-40A0-9D54-FC6F697EA828}.Ad-Hoc|x86.ActiveCfg = Release|Any CPU
		{9C8F8396-951B-40A0-9D54-FC6F697EA828}.Ad-Hoc|x86.Build.0 = Release|Any CPU
		{9C8F8396-951B-40A0-9D54-FC6F697EA828}.Ad-Hoc|x86.Deploy.0 = Release|Any CPU
		{9C8F8396-951B-40A0-9D54-FC6F697EA828}.AppStore|Any CPU.ActiveCfg = Release|Any CPU
		{9C8F8396-951B-40A0-9D54-FC6F697EA828}.AppStore|Any CPU.Build.0 = Release|Any CPU
		{9C8F8396-951B-40A0-9D54-FC6F697EA828}.AppStore|Any CPU.Deploy.0 = Release|Any CPU
		{9C8F8396-951B-40A0-9D54-FC6F697EA828}.AppStore|ARM.ActiveCfg = Release|Any CPU
		{9C8F8396-951B-40A0-9D54-FC6F697EA828}.AppStore|ARM.Build.0 = Release|Any CPU
		{9C8F8396-951B-40A0-9D54-FC6F697EA828}.AppStore|ARM.Deploy.0 = Release|Any CPU
		{9C8F8396-951B-40A0-9D54-FC6F697EA828}.AppStore|iPhone.ActiveCfg = Release|Any CPU
		{9C8F8396-951B-40A0-9D54-FC6F697EA828}.AppStore|iPhone.Build.0 = Release|Any CPU
		{9C8F8396-951B-40A0-9D54-FC6F697EA828}.AppStore|iPhone.Deploy.0 = Release|Any CPU
		{9C8F8396-951B-40A0-9D54-FC6F697EA828}.AppStore|iPhoneSimulator.ActiveCfg = Release|Any CPU
		{9C8F8396-951B-40A0-9D54-FC6F697EA828}.AppStore|iPhoneSimulator.Build.0 = Release|Any CPU
		{9C8F8396-951B-40A0-9D54-FC6F697EA828}.AppStore|iPhoneSimulator.Deploy.0 = Release|Any CPU
		{9C8F8396-951B-40A0-9D54-FC6F697EA828}.AppStore|x64.ActiveCfg = Release|Any CPU
		{9C8F8396-951B-40A0-9D54-FC6F697EA828}.AppStore|x64.Build.0 = Release|Any CPU
		{9C8F8396-951B-40A0-9D54-FC6F697EA828}.AppStore|x64.Deploy.0 = Release|Any CPU
		{9C8F8396-951B-40A0-9D54-FC6F697EA828}.AppStore|x86.ActiveCfg = Release|Any CPU
		{9C8F8396-951B-40A0-9D54-FC6F697EA828}.AppStore|x86.Build.0 = Release|Any CPU
		{9C8F8396-951B-40A0-9D54-FC6F697EA828}.AppStore|x86.Deploy.0 = Release|Any CPU
		{9C8F8396-951B-40A0-9D54-FC6F697EA828}.Debug|Any CPU.ActiveCfg = Debug|Any CPU
		{9C8F8396-951B-40A0-9D54-FC6F697EA828}.Debug|Any CPU.Build.0 = Debug|Any CPU
		{9C8F8396-951B-40A0-9D54-FC6F697EA828}.Debug|Any CPU.Deploy.0 = Debug|Any CPU
		{9C8F8396-951B-40A0-9D54-FC6F697EA828}.Debug|ARM.ActiveCfg = Debug|Any CPU
		{9C8F8396-951B-40A0-9D54-FC6F697EA828}.Debug|ARM.Build.0 = Debug|Any CPU
		{9C8F8396-951B-40A0-9D54-FC6F697EA828}.Debug|ARM.Deploy.0 = Debug|Any CPU
		{9C8F8396-951B-40A0-9D54-FC6F697EA828}.Debug|iPhone.ActiveCfg = Debug|Any CPU
		{9C8F8396-951B-40A0-9D54-FC6F697EA828}.Debug|iPhone.Build.0 = Debug|Any CPU
		{9C8F8396-951B-40A0-9D54-FC6F697EA828}.Debug|iPhone.Deploy.0 = Debug|Any CPU
		{9C8F8396-951B-40A0-9D54-FC6F697EA828}.Debug|iPhoneSimulator.ActiveCfg = Debug|Any CPU
		{9C8F8396-951B-40A0-9D54-FC6F697EA828}.Debug|iPhoneSimulator.Build.0 = Debug|Any CPU
		{9C8F8396-951B-40A0-9D54-FC6F697EA828}.Debug|iPhoneSimulator.Deploy.0 = Debug|Any CPU
		{9C8F8396-951B-40A0-9D54-FC6F697EA828}.Debug|x64.ActiveCfg = Debug|Any CPU
		{9C8F8396-951B-40A0-9D54-FC6F697EA828}.Debug|x64.Build.0 = Debug|Any CPU
		{9C8F8396-951B-40A0-9D54-FC6F697EA828}.Debug|x64.Deploy.0 = Debug|Any CPU
		{9C8F8396-951B-40A0-9D54-FC6F697EA828}.Debug|x86.ActiveCfg = Debug|Any CPU
		{9C8F8396-951B-40A0-9D54-FC6F697EA828}.Debug|x86.Build.0 = Debug|Any CPU
		{9C8F8396-951B-40A0-9D54-FC6F697EA828}.Debug|x86.Deploy.0 = Debug|Any CPU
		{9C8F8396-951B-40A0-9D54-FC6F697EA828}.Release|Any CPU.ActiveCfg = Release|Any CPU
		{9C8F8396-951B-40A0-9D54-FC6F697EA828}.Release|Any CPU.Build.0 = Release|Any CPU
		{9C8F8396-951B-40A0-9D54-FC6F697EA828}.Release|Any CPU.Deploy.0 = Release|Any CPU
		{9C8F8396-951B-40A0-9D54-FC6F697EA828}.Release|ARM.ActiveCfg = Release|Any CPU
		{9C8F8396-951B-40A0-9D54-FC6F697EA828}.Release|ARM.Build.0 = Release|Any CPU
		{9C8F8396-951B-40A0-9D54-FC6F697EA828}.Release|ARM.Deploy.0 = Release|Any CPU
		{9C8F8396-951B-40A0-9D54-FC6F697EA828}.Release|iPhone.ActiveCfg = Release|Any CPU
		{9C8F8396-951B-40A0-9D54-FC6F697EA828}.Release|iPhone.Build.0 = Release|Any CPU
		{9C8F8396-951B-40A0-9D54-FC6F697EA828}.Release|iPhone.Deploy.0 = Release|Any CPU
		{9C8F8396-951B-40A0-9D54-FC6F697EA828}.Release|iPhoneSimulator.ActiveCfg = Release|Any CPU
		{9C8F8396-951B-40A0-9D54-FC6F697EA828}.Release|iPhoneSimulator.Build.0 = Release|Any CPU
		{9C8F8396-951B-40A0-9D54-FC6F697EA828}.Release|iPhoneSimulator.Deploy.0 = Release|Any CPU
		{9C8F8396-951B-40A0-9D54-FC6F697EA828}.Release|x64.ActiveCfg = Release|Any CPU
		{9C8F8396-951B-40A0-9D54-FC6F697EA828}.Release|x64.Build.0 = Release|Any CPU
		{9C8F8396-951B-40A0-9D54-FC6F697EA828}.Release|x64.Deploy.0 = Release|Any CPU
		{9C8F8396-951B-40A0-9D54-FC6F697EA828}.Release|x86.ActiveCfg = Release|Any CPU
		{9C8F8396-951B-40A0-9D54-FC6F697EA828}.Release|x86.Build.0 = Release|Any CPU
		{9C8F8396-951B-40A0-9D54-FC6F697EA828}.Release|x86.Deploy.0 = Release|Any CPU
		{F78BB283-9569-41FC-AA4E-245D603E59FC}.Ad-Hoc|Any CPU.ActiveCfg = Ad-Hoc|iPhone
		{F78BB283-9569-41FC-AA4E-245D603E59FC}.Ad-Hoc|ARM.ActiveCfg = Ad-Hoc|iPhone
		{F78BB283-9569-41FC-AA4E-245D603E59FC}.Ad-Hoc|iPhone.ActiveCfg = Ad-Hoc|iPhone
		{F78BB283-9569-41FC-AA4E-245D603E59FC}.Ad-Hoc|iPhone.Build.0 = Ad-Hoc|iPhone
		{F78BB283-9569-41FC-AA4E-245D603E59FC}.Ad-Hoc|iPhoneSimulator.ActiveCfg = Ad-Hoc|iPhoneSimulator
		{F78BB283-9569-41FC-AA4E-245D603E59FC}.Ad-Hoc|iPhoneSimulator.Build.0 = Ad-Hoc|iPhoneSimulator
		{F78BB283-9569-41FC-AA4E-245D603E59FC}.Ad-Hoc|x64.ActiveCfg = Ad-Hoc|iPhone
		{F78BB283-9569-41FC-AA4E-245D603E59FC}.Ad-Hoc|x86.ActiveCfg = Ad-Hoc|iPhone
		{F78BB283-9569-41FC-AA4E-245D603E59FC}.AppStore|Any CPU.ActiveCfg = AppStore|iPhone
		{F78BB283-9569-41FC-AA4E-245D603E59FC}.AppStore|ARM.ActiveCfg = AppStore|iPhone
		{F78BB283-9569-41FC-AA4E-245D603E59FC}.AppStore|iPhone.ActiveCfg = AppStore|iPhone
		{F78BB283-9569-41FC-AA4E-245D603E59FC}.AppStore|iPhone.Build.0 = AppStore|iPhone
		{F78BB283-9569-41FC-AA4E-245D603E59FC}.AppStore|iPhoneSimulator.ActiveCfg = AppStore|iPhoneSimulator
		{F78BB283-9569-41FC-AA4E-245D603E59FC}.AppStore|iPhoneSimulator.Build.0 = AppStore|iPhoneSimulator
		{F78BB283-9569-41FC-AA4E-245D603E59FC}.AppStore|x64.ActiveCfg = AppStore|iPhone
		{F78BB283-9569-41FC-AA4E-245D603E59FC}.AppStore|x86.ActiveCfg = AppStore|iPhone
		{F78BB283-9569-41FC-AA4E-245D603E59FC}.Debug|Any CPU.ActiveCfg = Debug|iPhone
		{F78BB283-9569-41FC-AA4E-245D603E59FC}.Debug|ARM.ActiveCfg = Debug|iPhone
		{F78BB283-9569-41FC-AA4E-245D603E59FC}.Debug|iPhone.ActiveCfg = Debug|iPhone
		{F78BB283-9569-41FC-AA4E-245D603E59FC}.Debug|iPhone.Build.0 = Debug|iPhone
		{F78BB283-9569-41FC-AA4E-245D603E59FC}.Debug|iPhoneSimulator.ActiveCfg = Debug|iPhoneSimulator
		{F78BB283-9569-41FC-AA4E-245D603E59FC}.Debug|iPhoneSimulator.Build.0 = Debug|iPhoneSimulator
		{F78BB283-9569-41FC-AA4E-245D603E59FC}.Debug|x64.ActiveCfg = Debug|iPhone
		{F78BB283-9569-41FC-AA4E-245D603E59FC}.Debug|x86.ActiveCfg = Debug|iPhone
		{F78BB283-9569-41FC-AA4E-245D603E59FC}.Release|Any CPU.ActiveCfg = Release|iPhone
		{F78BB283-9569-41FC-AA4E-245D603E59FC}.Release|ARM.ActiveCfg = Release|iPhone
		{F78BB283-9569-41FC-AA4E-245D603E59FC}.Release|iPhone.ActiveCfg = Release|iPhone
		{F78BB283-9569-41FC-AA4E-245D603E59FC}.Release|iPhone.Build.0 = Release|iPhone
		{F78BB283-9569-41FC-AA4E-245D603E59FC}.Release|iPhoneSimulator.ActiveCfg = Release|iPhoneSimulator
		{F78BB283-9569-41FC-AA4E-245D603E59FC}.Release|iPhoneSimulator.Build.0 = Release|iPhoneSimulator
		{F78BB283-9569-41FC-AA4E-245D603E59FC}.Release|x64.ActiveCfg = Release|iPhone
		{F78BB283-9569-41FC-AA4E-245D603E59FC}.Release|x86.ActiveCfg = Release|iPhone
	EndGlobalSection
	GlobalSection(SolutionProperties) = preSolution
		HideSolutionNode = FALSE
	EndGlobalSection
EndGlobal
