
Microsoft Visual Studio Solution File, Format Version 12.00
# Visual Studio 2012
Project("{D954291E-2A0B-460D-934E-DC6B0785DB48}") = "pdfmaker", "pdfmaker\pdfmaker.shproj", "{E2AF87F4-6A79-4FA7-9D82-A4AE68B64151}"
EndProject
Project("{FAE04EC0-301F-11D3-BF4B-00C04F79EFBC}") = "pdfmaker.iOS", "iOS\pdfmaker.iOS.csproj", "{36A5DEB3-4381-4DDB-9E12-50E717DE10AA}"
EndProject
Project("{FAE04EC0-301F-11D3-BF4B-00C04F79EFBC}") = "pdfmaker.Droid", "Droid\pdfmaker.Droid.csproj", "{557F2AD7-65BD-4CD5-923E-AD919786EF1A}"
EndProject
Global
	GlobalSection(SolutionConfigurationPlatforms) = preSolution
		Debug|iPhoneSimulator = Debug|iPhoneSimulator
		Release|iPhone = Release|iPhone
		Release|iPhoneSimulator = Release|iPhoneSimulator
		Debug|iPhone = Debug|iPhone
		Debug|Any CPU = Debug|Any CPU
		Release|Any CPU = Release|Any CPU
	EndGlobalSection
	GlobalSection(ProjectConfigurationPlatforms) = postSolution
		{36A5DEB3-4381-4DDB-9E12-50E717DE10AA}.Debug|iPhoneSimulator.ActiveCfg = Debug|iPhoneSimulator
		{36A5DEB3-4381-4DDB-9E12-50E717DE10AA}.Debug|iPhoneSimulator.Build.0 = Debug|iPhoneSimulator
		{36A5DEB3-4381-4DDB-9E12-50E717DE10AA}.Release|iPhone.ActiveCfg = Release|iPhone
		{36A5DEB3-4381-4DDB-9E12-50E717DE10AA}.Release|iPhone.Build.0 = Release|iPhone
		{36A5DEB3-4381-4DDB-9E12-50E717DE10AA}.Release|iPhoneSimulator.ActiveCfg = Release|iPhoneSimulator
		{36A5DEB3-4381-4DDB-9E12-50E717DE10AA}.Release|iPhoneSimulator.Build.0 = Release|iPhoneSimulator
		{36A5DEB3-4381-4DDB-9E12-50E717DE10AA}.Debug|iPhone.ActiveCfg = Debug|iPhone
		{36A5DEB3-4381-4DDB-9E12-50E717DE10AA}.Debug|iPhone.Build.0 = Debug|iPhone
		{36A5DEB3-4381-4DDB-9E12-50E717DE10AA}.Debug|Any CPU.ActiveCfg = Debug|iPhoneSimulator
		{36A5DEB3-4381-4DDB-9E12-50E717DE10AA}.Debug|Any CPU.Build.0 = Debug|iPhoneSimulator
		{36A5DEB3-4381-4DDB-9E12-50E717DE10AA}.Release|Any CPU.ActiveCfg = Release|iPhone
		{36A5DEB3-4381-4DDB-9E12-50E717DE10AA}.Release|Any CPU.Build.0 = Release|iPhone
		{557F2AD7-65BD-4CD5-923E-AD919786EF1A}.Debug|iPhoneSimulator.ActiveCfg = Debug|Any CPU
		{557F2AD7-65BD-4CD5-923E-AD919786EF1A}.Debug|iPhoneSimulator.Build.0 = Debug|Any CPU
		{557F2AD7-65BD-4CD5-923E-AD919786EF1A}.Release|iPhone.ActiveCfg = Release|Any CPU
		{557F2AD7-65BD-4CD5-923E-AD919786EF1A}.Release|iPhone.Build.0 = Release|Any CPU
		{557F2AD7-65BD-4CD5-923E-AD919786EF1A}.Release|iPhoneSimulator.ActiveCfg = Release|Any CPU
		{557F2AD7-65BD-4CD5-923E-AD919786EF1A}.Release|iPhoneSimulator.Build.0 = Release|Any CPU
		{557F2AD7-65BD-4CD5-923E-AD919786EF1A}.Debug|iPhone.ActiveCfg = Debug|Any CPU
		{557F2AD7-65BD-4CD5-923E-AD919786EF1A}.Debug|iPhone.Build.0 = Debug|Any CPU
		{557F2AD7-65BD-4CD5-923E-AD919786EF1A}.Debug|Any CPU.ActiveCfg = Debug|Any CPU
		{557F2AD7-65BD-4CD5-923E-AD919786EF1A}.Debug|Any CPU.Build.0 = Debug|Any CPU
		{557F2AD7-65BD-4CD5-923E-AD919786EF1A}.Release|Any CPU.ActiveCfg = Release|Any CPU
		{557F2AD7-65BD-4CD5-923E-AD919786EF1A}.Release|Any CPU.Build.0 = Release|Any CPU
	EndGlobalSection
EndGlobal
